{
  "name": "functions-playground",
  "version": "1.0.0",
  "lockfileVersion": 2,
  "requires": true,
  "packages": {
    "": {
      "name": "functions-playground",
      "version": "1.0.0",
      "license": "ISC",
      "devDependencies": {
        "@netlify/functions": "^0.9.1-beta"
      }
    },
    "node_modules/@netlify/functions": {
      "version": "0.9.1-beta",
      "resolved": "https://registry.npmjs.org/@netlify/functions/-/functions-0.9.1-beta.tgz",
      "integrity": "sha512-cYggOVXqLTN0kKo/ExmeLmJvodZ+Fm0p5wqqenI0LOleRoYiLKH5TVvsNPxbRJ6o5WT4OEnd8gM4dhlA953k1Q==",
      "dev": true,
      "dependencies": {
        "is-promise": "^4.0.0"
      },
      "engines": {
        "node": ">=8.3.0"
      }
    },
    "node_modules/is-promise": {
      "version": "4.0.0",
      "resolved": "https://registry.npmjs.org/is-promise/-/is-promise-4.0.0.tgz",
      "integrity": "sha512-hvpoI6korhJMnej285dSg6nu1+e6uxs7zG3BYAm5byqDsgJNWwxzM6z6iZiAgQR4TJ30JmBTOwqZUw3WlyH3AQ==",
      "dev": true
    }
  },
  "dependencies": {
    "@netlify/functions": {
      "version": "0.9.1-beta",
      "resolved": "https://registry.npmjs.org/@netlify/functions/-/functions-0.9.1-beta.tgz",
      "integrity": "sha512-cYggOVXqLTN0kKo/ExmeLmJvodZ+Fm0p5wqqenI0LOleRoYiLKH5TVvsNPxbRJ6o5WT4OEnd8gM4dhlA953k1Q==",
      "dev": true,
      "requires": {
        "is-promise": "^4.0.0"
      }
    },
    "is-promise": {
      "version": "4.0.0",
      "resolved": "https://registry.npmjs.org/is-promise/-/is-promise-4.0.0.tgz",
      "integrity": "sha512-hvpoI6korhJMnej285dSg6nu1+e6uxs7zG3BYAm5byqDsgJNWwxzM6z6iZiAgQR4TJ30JmBTOwqZUw3WlyH3AQ==",
      "dev": true
    }
  }
}
